
Microsoft Visual Studio Solution File, Format Version 12.00
# Visual Studio Version 17
VisualStudioVersion = 17.2.32526.322
MinimumVisualStudioVersion = 10.0.40219.1
Project("{FAE04EC0-301F-11D3-BF4B-00C04F79EFBC}") = "NestedForLoopsAnd2DArrays", "NestedForLoopsAnd2DArrays\NestedForLoopsAnd2DArrays.csproj", "{2655999F-C0B6-4031-AC70-95FC6CFC788E}"
EndProject
Global
	GlobalSection(SolutionConfigurationPlatforms) = preSolution
		Debug|Any CPU = Debug|Any CPU
		Release|Any CPU = Release|Any CPU
	EndGlobalSection
	GlobalSection(ProjectConfigurationPlatforms) = postSolution
		{2655999F-C0B6-4031-AC70-95FC6CFC788E}.Debug|Any CPU.ActiveCfg = Debug|Any CPU
		{2655999F-C0B6-4031-AC70-95FC6CFC788E}.Debug|Any CPU.Build.0 = Debug|Any CPU
		{2655999F-C0B6-4031-AC70-95FC6CFC788E}.Release|Any CPU.ActiveCfg = Release|Any CPU
		{2655999F-C0B6-4031-AC70-95FC6CFC788E}.Release|Any CPU.Build.0 = Release|Any CPU
	EndGlobalSection
	GlobalSection(SolutionProperties) = preSolution
		HideSolutionNode = FALSE
	EndGlobalSection
	GlobalSection(ExtensibilityGlobals) = postSolution
		SolutionGuid = {AAFCE222-79F8-462A-BB3C-F9E91EF841F3}
	EndGlobalSection
EndGlobal
